
Microsoft Visual Studio Solution File, Format Version 12.00
# Visual Studio Version 17
VisualStudioVersion = 17.5.33530.505
MinimumVisualStudioVersion = 10.0.40219.1
Project("{FAE04EC0-301F-11D3-BF4B-00C04F79EFBC}") = "spammer1.2", "spammer1.2\spammer1.2.csproj", "{2BE8DE43-BEE1-452B-A891-C2754CEF6960}"
EndProject
Global
	GlobalSection(SolutionConfigurationPlatforms) = preSolution
		Debug|Any CPU = Debug|Any CPU
		Release|Any CPU = Release|Any CPU
	EndGlobalSection
	GlobalSection(ProjectConfigurationPlatforms) = postSolution
		{2BE8DE43-BEE1-452B-A891-C2754CEF6960}.Debug|Any CPU.ActiveCfg = Debug|Any CPU
		{2BE8DE43-BEE1-452B-A891-C2754CEF6960}.Debug|Any CPU.Build.0 = Debug|Any CPU
		{2BE8DE43-BEE1-452B-A891-C2754CEF6960}.Release|Any CPU.ActiveCfg = Release|Any CPU
		{2BE8DE43-BEE1-452B-A891-C2754CEF6960}.Release|Any CPU.Build.0 = Release|Any CPU
	EndGlobalSection
	GlobalSection(SolutionProperties) = preSolution
		HideSolutionNode = FALSE
	EndGlobalSection
	GlobalSection(ExtensibilityGlobals) = postSolution
		SolutionGuid = {E6D45DAB-06BE-4D2E-8848-6BCBAA250499}
	EndGlobalSection
EndGlobal
